
Microsoft Visual Studio Solution File, Format Version 12.00
# Visual Studio Version 17
VisualStudioVersion = 17.4.33122.133
MinimumVisualStudioVersion = 10.0.40219.1
Project("{FAE04EC0-301F-11D3-BF4B-00C04F79EFBC}") = "LocomotiveInfo", "LocomotiveInfo\LocomotiveInfo.csproj", "{311B6616-88DB-4DAB-80AC-410CA8CBC648}"
EndProject
Global
	GlobalSection(SolutionConfigurationPlatforms) = preSolution
		Debug|Any CPU = Debug|Any CPU
		Release|Any CPU = Release|Any CPU
	EndGlobalSection
	GlobalSection(ProjectConfigurationPlatforms) = postSolution
		{311B6616-88DB-4DAB-80AC-410CA8CBC648}.Debug|Any CPU.ActiveCfg = Debug|Any CPU
		{311B6616-88DB-4DAB-80AC-410CA8CBC648}.Debug|Any CPU.Build.0 = Debug|Any CPU
		{311B6616-88DB-4DAB-80AC-410CA8CBC648}.Release|Any CPU.ActiveCfg = Release|Any CPU
		{311B6616-88DB-4DAB-80AC-410CA8CBC648}.Release|Any CPU.Build.0 = Release|Any CPU
	EndGlobalSection
	GlobalSection(SolutionProperties) = preSolution
		HideSolutionNode = FALSE
	EndGlobalSection
	GlobalSection(ExtensibilityGlobals) = postSolution
		SolutionGuid = {543A5116-4331-4D74-BD50-656974675486}
	EndGlobalSection
EndGlobal
